
Microsoft Visual Studio Solution File, Format Version 12.00
# Visual Studio 14
VisualStudioVersion = 14.0.25420.1
MinimumVisualStudioVersion = 10.0.40219.1
Project("{FAE04EC0-301F-11D3-BF4B-00C04F79EFBC}") = "Aula-01", "Aula-01\Aula-01.csproj", "{F03ED425-25D3-417F-8852-F8130CE621D3}"
EndProject
Project("{FAE04EC0-301F-11D3-BF4B-00C04F79EFBC}") = "Aula-02", "Aula-02\Aula-02.csproj", "{D4458C91-C924-4207-BC34-ABAFF07BEA37}"
EndProject
Project("{FAE04EC0-301F-11D3-BF4B-00C04F79EFBC}") = "AppManager", "AppManager\AppManager.csproj", "{1838360C-0C80-499E-8547-591314848A37}"
EndProject
Project("{E24C65DC-7377-472B-9ABA-BC803B73C61A}") = "Aula-03", "Aula-03\", "{0CC8FA8E-DB04-4FFF-A819-929F3B0B8371}"
	ProjectSection(WebsiteProperties) = preProject
		TargetFrameworkMoniker = ".NETFramework,Version%3Dv4.5.2"
		Debug.AspNetCompiler.VirtualPath = "/localhost_51847"
		Debug.AspNetCompiler.PhysicalPath = "Aula-03\"
		Debug.AspNetCompiler.TargetPath = "PrecompiledWeb\localhost_51847\"
		Debug.AspNetCompiler.Updateable = "true"
		Debug.AspNetCompiler.ForceOverwrite = "true"
		Debug.AspNetCompiler.FixedNames = "false"
		Debug.AspNetCompiler.Debug = "True"
		Release.AspNetCompiler.VirtualPath = "/localhost_51847"
		Release.AspNetCompiler.PhysicalPath = "Aula-03\"
		Release.AspNetCompiler.TargetPath = "PrecompiledWeb\localhost_51847\"
		Release.AspNetCompiler.Updateable = "true"
		Release.AspNetCompiler.ForceOverwrite = "true"
		Release.AspNetCompiler.FixedNames = "false"
		Release.AspNetCompiler.Debug = "False"
		VWDPort = "51847"
		SlnRelativePath = "Aula-03\"
		DefaultWebSiteLanguage = "Visual C#"
	EndProjectSection
EndProject
Global
	GlobalSection(SolutionConfigurationPlatforms) = preSolution
		Debug|Any CPU = Debug|Any CPU
		Release|Any CPU = Release|Any CPU
	EndGlobalSection
	GlobalSection(ProjectConfigurationPlatforms) = postSolution
		{F03ED425-25D3-417F-8852-F8130CE621D3}.Debug|Any CPU.ActiveCfg = Debug|Any CPU
		{F03ED425-25D3-417F-8852-F8130CE621D3}.Debug|Any CPU.Build.0 = Debug|Any CPU
		{F03ED425-25D3-417F-8852-F8130CE621D3}.Release|Any CPU.ActiveCfg = Release|Any CPU
		{F03ED425-25D3-417F-8852-F8130CE621D3}.Release|Any CPU.Build.0 = Release|Any CPU
		{D4458C91-C924-4207-BC34-ABAFF07BEA37}.Debug|Any CPU.ActiveCfg = Debug|Any CPU
		{D4458C91-C924-4207-BC34-ABAFF07BEA37}.Debug|Any CPU.Build.0 = Debug|Any CPU
		{D4458C91-C924-4207-BC34-ABAFF07BEA37}.Release|Any CPU.ActiveCfg = Release|Any CPU
		{D4458C91-C924-4207-BC34-ABAFF07BEA37}.Release|Any CPU.Build.0 = Release|Any CPU
		{1838360C-0C80-499E-8547-591314848A37}.Debug|Any CPU.ActiveCfg = Debug|Any CPU
		{1838360C-0C80-499E-8547-591314848A37}.Debug|Any CPU.Build.0 = Debug|Any CPU
		{1838360C-0C80-499E-8547-591314848A37}.Release|Any CPU.ActiveCfg = Release|Any CPU
		{1838360C-0C80-499E-8547-591314848A37}.Release|Any CPU.Build.0 = Release|Any CPU
		{0CC8FA8E-DB04-4FFF-A819-929F3B0B8371}.Debug|Any CPU.ActiveCfg = Debug|Any CPU
		{0CC8FA8E-DB04-4FFF-A819-929F3B0B8371}.Debug|Any CPU.Build.0 = Debug|Any CPU
		{0CC8FA8E-DB04-4FFF-A819-929F3B0B8371}.Release|Any CPU.ActiveCfg = Debug|Any CPU
		{0CC8FA8E-DB04-4FFF-A819-929F3B0B8371}.Release|Any CPU.Build.0 = Debug|Any CPU
	EndGlobalSection
	GlobalSection(SolutionProperties) = preSolution
		HideSolutionNode = FALSE
	EndGlobalSection
EndGlobal
